
Microsoft Visual Studio Solution File, Format Version 12.00
Project("{2150E333-8FDC-42A3-9474-1A3956D46DE8}") = "Solutions Items", "Solutions Items", "{5CDACD79-7CD1-4DF5-9576-A8EE22615666}"
	ProjectSection(SolutionItems) = preProject
		README.md = README.md
		.gitignore = .gitignore
		LICENSE = LICENSE
	EndProjectSection
EndProject
Project("{2150E333-8FDC-42A3-9474-1A3956D46DE8}") = "Sources", "Sources", "{1A2F620B-4A2B-476D-917C-0AA0E00A1C24}"
EndProject
Project("{2150E333-8FDC-42A3-9474-1A3956D46DE8}") = "Tests", "Tests", "{5802921A-50C7-45AF-BF88-E029BB197FDB}"
EndProject
Project("{2150E333-8FDC-42A3-9474-1A3956D46DE8}") = "1. Architecture", "1. Architecture", "{8E28AE44-9698-4192-A9E3-BB9A67133D90}"
EndProject
Project("{2150E333-8FDC-42A3-9474-1A3956D46DE8}") = "1. Architecture", "1. Architecture", "{C596A96B-97FC-484D-8C71-CD59055CDEA4}"
EndProject
Project("{FAE04EC0-301F-11D3-BF4B-00C04F79EFBC}") = "ZEngine.Architecture", "ZEngine.Architecture\ZEngine.Architecture.csproj", "{5641BFB7-0021-4E4F-B6C0-5D696A877150}"
EndProject
Project("{FAE04EC0-301F-11D3-BF4B-00C04F79EFBC}") = "ZEngine.Tests.Architecture", "ZEngine.Tests.Architecture\ZEngine.Tests.Architecture.csproj", "{4A5C92FD-291F-4771-A468-285C27D99836}"
EndProject
Project("{2150E333-8FDC-42A3-9474-1A3956D46DE8}") = "2. Game Core", "2. Game Core", "{0C4DC76E-6F04-4EA6-B338-639A88305BAC}"
EndProject
Project("{2150E333-8FDC-42A3-9474-1A3956D46DE8}") = "2. Game Core", "2. Game Core", "{08B00D50-B2F2-4365-B3B2-8703C9BF0669}"
EndProject
Project("{FAE04EC0-301F-11D3-BF4B-00C04F79EFBC}") = "ZEngine.Core.Game", "ZEngine.Core.Game\ZEngine.Core.Game.csproj", "{EA640BB0-33FD-4A15-88B2-DDCB8594403B}"
EndProject
Project("{FAE04EC0-301F-11D3-BF4B-00C04F79EFBC}") = "ZEngine.Core", "ZEngine.Core\ZEngine.Core.csproj", "{18F803C6-5846-4727-B4EB-F240D25D1B97}"
EndProject
Project("{FAE04EC0-301F-11D3-BF4B-00C04F79EFBC}") = "ZEngine.Tests.Core.Game", "ZEngine.Tests.Core.Game\ZEngine.Tests.Core.Game.csproj", "{B90ADF3A-84B9-4193-9D9B-832874834229}"
EndProject
Project("{2150E333-8FDC-42A3-9474-1A3956D46DE8}") = "3. Game Systems", "3. Game Systems", "{A320D074-4B67-48D6-8CC8-2CC6EDE74F8E}"
EndProject
Project("{FAE04EC0-301F-11D3-BF4B-00C04F79EFBC}") = "ZEngine.Systems.GameObjects", "ZEngine.Systems.GameObjects\ZEngine.Systems.GameObjects.csproj", "{7FE9DF82-63FE-46DD-9B77-8F094B2FB466}"
EndProject
Project("{2150E333-8FDC-42A3-9474-1A3956D46DE8}") = "3. Game Systems", "3. Game Systems", "{D3092D8C-1CD7-44FF-8B69-1BC505079327}"
EndProject
Project("{FAE04EC0-301F-11D3-BF4B-00C04F79EFBC}") = "ZEngine.Tests.Systems.GameObjects", "ZEngine.Tests.Systems.GameObjects\ZEngine.Tests.Systems.GameObjects.csproj", "{3B88AACE-DB05-4D8A-88C9-DE8826ACD94B}"
EndProject
Project("{FAE04EC0-301F-11D3-BF4B-00C04F79EFBC}") = "ZEngine.Systems.Inputs", "ZEngine.Systems.Inputs\ZEngine.Systems.Inputs.csproj", "{23CB31FD-50BA-425D-AF23-6BBD901B706B}"
EndProject
Project("{FAE04EC0-301F-11D3-BF4B-00C04F79EFBC}") = "ZEngine.Tests.Systems.Inputs.Wpf", "ZEngine.Tests.Systems.Inputs.Wpf\ZEngine.Tests.Systems.Inputs.Wpf.csproj", "{35804282-F87B-45FC-91BC-A302106FBE88}"
EndProject
Project("{FAE04EC0-301F-11D3-BF4B-00C04F79EFBC}") = "ZEngine.Tests.Systems.Inputs", "ZEngine.Tests.Systems.Inputs\ZEngine.Tests.Systems.Inputs.csproj", "{12C5A024-61B7-42E4-8A86-ADB1C12BEBAB}"
EndProject
Project("{2150E333-8FDC-42A3-9474-1A3956D46DE8}") = "4. Players", "4. Players", "{0FD4C923-CB39-432B-8097-53F4676BE255}"
EndProject
Project("{FAE04EC0-301F-11D3-BF4B-00C04F79EFBC}") = "ZEngine.Player.Windows", "ZEngine.Player.Windows\ZEngine.Player.Windows.csproj", "{0C7C79E2-3843-4394-9C95-2F8574BA92A6}"
EndProject
Project("{2150E333-8FDC-42A3-9474-1A3956D46DE8}") = "5. Testing", "5. Testing", "{74610593-2DC3-489D-87F4-07BD50993525}"
EndProject
Project("{FAE04EC0-301F-11D3-BF4B-00C04F79EFBC}") = "ZEngine.Testing", "ZEngine.Testing\ZEngine.Testing.csproj", "{DFF6064D-BF9D-42A2-907C-F0F7F3BF2FA0}"
EndProject
Project("{2150E333-8FDC-42A3-9474-1A3956D46DE8}") = "5. Testing", "5. Testing", "{675A48E4-CD2A-4289-A089-671BFE6D49EB}"
EndProject
Project("{FAE04EC0-301F-11D3-BF4B-00C04F79EFBC}") = "ZEngine.Tests.Testing", "ZEngine.Tests.Testing\ZEngine.Tests.Testing.csproj", "{9CF2F0F6-0FCD-4686-9461-12D262653B58}"
EndProject
Project("{FAE04EC0-301F-11D3-BF4B-00C04F79EFBC}") = "ZEngine.Testing.System", "ZEngine.Testing.System\ZEngine.Testing.System.csproj", "{7F0D0EAB-A20A-42B5-A5A3-F16D316C897F}"
EndProject
Global
	GlobalSection(SolutionConfigurationPlatforms) = preSolution
		Debug|Any CPU = Debug|Any CPU
		Release|Any CPU = Release|Any CPU
	EndGlobalSection
	GlobalSection(NestedProjects) = preSolution
		{8E28AE44-9698-4192-A9E3-BB9A67133D90} = {1A2F620B-4A2B-476D-917C-0AA0E00A1C24}
		{C596A96B-97FC-484D-8C71-CD59055CDEA4} = {5802921A-50C7-45AF-BF88-E029BB197FDB}
		{5641BFB7-0021-4E4F-B6C0-5D696A877150} = {8E28AE44-9698-4192-A9E3-BB9A67133D90}
		{4A5C92FD-291F-4771-A468-285C27D99836} = {C596A96B-97FC-484D-8C71-CD59055CDEA4}
		{0C4DC76E-6F04-4EA6-B338-639A88305BAC} = {1A2F620B-4A2B-476D-917C-0AA0E00A1C24}
		{08B00D50-B2F2-4365-B3B2-8703C9BF0669} = {5802921A-50C7-45AF-BF88-E029BB197FDB}
		{EA640BB0-33FD-4A15-88B2-DDCB8594403B} = {0C4DC76E-6F04-4EA6-B338-639A88305BAC}
		{18F803C6-5846-4727-B4EB-F240D25D1B97} = {0C4DC76E-6F04-4EA6-B338-639A88305BAC}
		{B90ADF3A-84B9-4193-9D9B-832874834229} = {08B00D50-B2F2-4365-B3B2-8703C9BF0669}
		{A320D074-4B67-48D6-8CC8-2CC6EDE74F8E} = {1A2F620B-4A2B-476D-917C-0AA0E00A1C24}
		{7FE9DF82-63FE-46DD-9B77-8F094B2FB466} = {A320D074-4B67-48D6-8CC8-2CC6EDE74F8E}
		{D3092D8C-1CD7-44FF-8B69-1BC505079327} = {5802921A-50C7-45AF-BF88-E029BB197FDB}
		{3B88AACE-DB05-4D8A-88C9-DE8826ACD94B} = {D3092D8C-1CD7-44FF-8B69-1BC505079327}
		{23CB31FD-50BA-425D-AF23-6BBD901B706B} = {A320D074-4B67-48D6-8CC8-2CC6EDE74F8E}
		{35804282-F87B-45FC-91BC-A302106FBE88} = {D3092D8C-1CD7-44FF-8B69-1BC505079327}
		{12C5A024-61B7-42E4-8A86-ADB1C12BEBAB} = {D3092D8C-1CD7-44FF-8B69-1BC505079327}
		{0FD4C923-CB39-432B-8097-53F4676BE255} = {1A2F620B-4A2B-476D-917C-0AA0E00A1C24}
		{0C7C79E2-3843-4394-9C95-2F8574BA92A6} = {0FD4C923-CB39-432B-8097-53F4676BE255}
		{74610593-2DC3-489D-87F4-07BD50993525} = {1A2F620B-4A2B-476D-917C-0AA0E00A1C24}
		{DFF6064D-BF9D-42A2-907C-F0F7F3BF2FA0} = {74610593-2DC3-489D-87F4-07BD50993525}
		{675A48E4-CD2A-4289-A089-671BFE6D49EB} = {5802921A-50C7-45AF-BF88-E029BB197FDB}
		{9CF2F0F6-0FCD-4686-9461-12D262653B58} = {675A48E4-CD2A-4289-A089-671BFE6D49EB}
		{7F0D0EAB-A20A-42B5-A5A3-F16D316C897F} = {74610593-2DC3-489D-87F4-07BD50993525}
	EndGlobalSection
	GlobalSection(ProjectConfigurationPlatforms) = postSolution
		{5641BFB7-0021-4E4F-B6C0-5D696A877150}.Debug|Any CPU.ActiveCfg = Debug|Any CPU
		{5641BFB7-0021-4E4F-B6C0-5D696A877150}.Debug|Any CPU.Build.0 = Debug|Any CPU
		{5641BFB7-0021-4E4F-B6C0-5D696A877150}.Release|Any CPU.ActiveCfg = Release|Any CPU
		{5641BFB7-0021-4E4F-B6C0-5D696A877150}.Release|Any CPU.Build.0 = Release|Any CPU
		{4A5C92FD-291F-4771-A468-285C27D99836}.Debug|Any CPU.ActiveCfg = Debug|Any CPU
		{4A5C92FD-291F-4771-A468-285C27D99836}.Debug|Any CPU.Build.0 = Debug|Any CPU
		{4A5C92FD-291F-4771-A468-285C27D99836}.Release|Any CPU.ActiveCfg = Release|Any CPU
		{4A5C92FD-291F-4771-A468-285C27D99836}.Release|Any CPU.Build.0 = Release|Any CPU
		{EA640BB0-33FD-4A15-88B2-DDCB8594403B}.Debug|Any CPU.ActiveCfg = Debug|Any CPU
		{EA640BB0-33FD-4A15-88B2-DDCB8594403B}.Debug|Any CPU.Build.0 = Debug|Any CPU
		{EA640BB0-33FD-4A15-88B2-DDCB8594403B}.Release|Any CPU.ActiveCfg = Release|Any CPU
		{EA640BB0-33FD-4A15-88B2-DDCB8594403B}.Release|Any CPU.Build.0 = Release|Any CPU
		{18F803C6-5846-4727-B4EB-F240D25D1B97}.Debug|Any CPU.ActiveCfg = Debug|Any CPU
		{18F803C6-5846-4727-B4EB-F240D25D1B97}.Debug|Any CPU.Build.0 = Debug|Any CPU
		{18F803C6-5846-4727-B4EB-F240D25D1B97}.Release|Any CPU.ActiveCfg = Release|Any CPU
		{18F803C6-5846-4727-B4EB-F240D25D1B97}.Release|Any CPU.Build.0 = Release|Any CPU
		{B90ADF3A-84B9-4193-9D9B-832874834229}.Debug|Any CPU.ActiveCfg = Debug|Any CPU
		{B90ADF3A-84B9-4193-9D9B-832874834229}.Debug|Any CPU.Build.0 = Debug|Any CPU
		{B90ADF3A-84B9-4193-9D9B-832874834229}.Release|Any CPU.ActiveCfg = Release|Any CPU
		{B90ADF3A-84B9-4193-9D9B-832874834229}.Release|Any CPU.Build.0 = Release|Any CPU
		{7FE9DF82-63FE-46DD-9B77-8F094B2FB466}.Debug|Any CPU.ActiveCfg = Debug|Any CPU
		{7FE9DF82-63FE-46DD-9B77-8F094B2FB466}.Debug|Any CPU.Build.0 = Debug|Any CPU
		{7FE9DF82-63FE-46DD-9B77-8F094B2FB466}.Release|Any CPU.ActiveCfg = Release|Any CPU
		{7FE9DF82-63FE-46DD-9B77-8F094B2FB466}.Release|Any CPU.Build.0 = Release|Any CPU
		{3B88AACE-DB05-4D8A-88C9-DE8826ACD94B}.Debug|Any CPU.ActiveCfg = Debug|Any CPU
		{3B88AACE-DB05-4D8A-88C9-DE8826ACD94B}.Debug|Any CPU.Build.0 = Debug|Any CPU
		{3B88AACE-DB05-4D8A-88C9-DE8826ACD94B}.Release|Any CPU.ActiveCfg = Release|Any CPU
		{3B88AACE-DB05-4D8A-88C9-DE8826ACD94B}.Release|Any CPU.Build.0 = Release|Any CPU
		{23CB31FD-50BA-425D-AF23-6BBD901B706B}.Debug|Any CPU.ActiveCfg = Debug|Any CPU
		{23CB31FD-50BA-425D-AF23-6BBD901B706B}.Debug|Any CPU.Build.0 = Debug|Any CPU
		{23CB31FD-50BA-425D-AF23-6BBD901B706B}.Release|Any CPU.ActiveCfg = Release|Any CPU
		{23CB31FD-50BA-425D-AF23-6BBD901B706B}.Release|Any CPU.Build.0 = Release|Any CPU
		{35804282-F87B-45FC-91BC-A302106FBE88}.Debug|Any CPU.ActiveCfg = Debug|Any CPU
		{35804282-F87B-45FC-91BC-A302106FBE88}.Debug|Any CPU.Build.0 = Debug|Any CPU
		{35804282-F87B-45FC-91BC-A302106FBE88}.Release|Any CPU.ActiveCfg = Release|Any CPU
		{35804282-F87B-45FC-91BC-A302106FBE88}.Release|Any CPU.Build.0 = Release|Any CPU
		{12C5A024-61B7-42E4-8A86-ADB1C12BEBAB}.Debug|Any CPU.ActiveCfg = Debug|Any CPU
		{12C5A024-61B7-42E4-8A86-ADB1C12BEBAB}.Debug|Any CPU.Build.0 = Debug|Any CPU
		{12C5A024-61B7-42E4-8A86-ADB1C12BEBAB}.Release|Any CPU.ActiveCfg = Release|Any CPU
		{12C5A024-61B7-42E4-8A86-ADB1C12BEBAB}.Release|Any CPU.Build.0 = Release|Any CPU
		{0C7C79E2-3843-4394-9C95-2F8574BA92A6}.Debug|Any CPU.ActiveCfg = Debug|Any CPU
		{0C7C79E2-3843-4394-9C95-2F8574BA92A6}.Debug|Any CPU.Build.0 = Debug|Any CPU
		{0C7C79E2-3843-4394-9C95-2F8574BA92A6}.Release|Any CPU.ActiveCfg = Release|Any CPU
		{0C7C79E2-3843-4394-9C95-2F8574BA92A6}.Release|Any CPU.Build.0 = Release|Any CPU
		{DFF6064D-BF9D-42A2-907C-F0F7F3BF2FA0}.Debug|Any CPU.ActiveCfg = Debug|Any CPU
		{DFF6064D-BF9D-42A2-907C-F0F7F3BF2FA0}.Debug|Any CPU.Build.0 = Debug|Any CPU
		{DFF6064D-BF9D-42A2-907C-F0F7F3BF2FA0}.Release|Any CPU.ActiveCfg = Release|Any CPU
		{DFF6064D-BF9D-42A2-907C-F0F7F3BF2FA0}.Release|Any CPU.Build.0 = Release|Any CPU
		{9CF2F0F6-0FCD-4686-9461-12D262653B58}.Debug|Any CPU.ActiveCfg = Debug|Any CPU
		{9CF2F0F6-0FCD-4686-9461-12D262653B58}.Debug|Any CPU.Build.0 = Debug|Any CPU
		{9CF2F0F6-0FCD-4686-9461-12D262653B58}.Release|Any CPU.ActiveCfg = Release|Any CPU
		{9CF2F0F6-0FCD-4686-9461-12D262653B58}.Release|Any CPU.Build.0 = Release|Any CPU
		{7F0D0EAB-A20A-42B5-A5A3-F16D316C897F}.Debug|Any CPU.ActiveCfg = Debug|Any CPU
		{7F0D0EAB-A20A-42B5-A5A3-F16D316C897F}.Debug|Any CPU.Build.0 = Debug|Any CPU
		{7F0D0EAB-A20A-42B5-A5A3-F16D316C897F}.Release|Any CPU.ActiveCfg = Release|Any CPU
		{7F0D0EAB-A20A-42B5-A5A3-F16D316C897F}.Release|Any CPU.Build.0 = Release|Any CPU
	EndGlobalSection
EndGlobal
